// !$*UTF8*$!
{
	archiveVersion = 1;
	classes = {
	};
	objectVersion = 55;
	objects = {

/* Begin PBXBuildFile section */
		95D478B128956D20005B9B20 /* SwiftUI_WeatherApp.swift in Sources */ = {isa = PBXBuildFile; fileRef = 95D478B028956D20005B9B20 /* SwiftUI_WeatherApp.swift */; };
		95D478B328956D20005B9B20 /* ContentView.swift in Sources */ = {isa = PBXBuildFile; fileRef = 95D478B228956D20005B9B20 /* ContentView.swift */; };
		95D478B528956D26005B9B20 /* Assets.xcassets in Resources */ = {isa = PBXBuildFile; fileRef = 95D478B428956D26005B9B20 /* Assets.xcassets */; };
		95D478B828956D26005B9B20 /* Preview Assets.xcassets in Resources */ = {isa = PBXBuildFile; fileRef = 95D478B728956D26005B9B20 /* Preview Assets.xcassets */; };
		95D478C228956D26005B9B20 /* SwiftUI_WeatherTests.swift in Sources */ = {isa = PBXBuildFile; fileRef = 95D478C128956D26005B9B20 /* SwiftUI_WeatherTests.swift */; };
		95D478CC28956D26005B9B20 /* SwiftUI_WeatherUITests.swift in Sources */ = {isa = PBXBuildFile; fileRef = 95D478CB28956D26005B9B20 /* SwiftUI_WeatherUITests.swift */; };
		95D478CE28956D26005B9B20 /* SwiftUI_WeatherUITestsLaunchTests.swift in Sources */ = {isa = PBXBuildFile; fileRef = 95D478CD28956D26005B9B20 /* SwiftUI_WeatherUITestsLaunchTests.swift */; };
/* End PBXBuildFile section */

/* Begin PBXContainerItemProxy section */
		95D478BE28956D26005B9B20 /* PBXContainerItemProxy */ = {
			isa = PBXContainerItemProxy;
			containerPortal = 95D478A528956D20005B9B20 /* Project object */;
			proxyType = 1;
			remoteGlobalIDString = 95D478AC28956D20005B9B20;
			remoteInfo = "SwiftUI-Weather";
		};
		95D478C828956D26005B9B20 /* PBXContainerItemProxy */ = {
			isa = PBXContainerItemProxy;
			containerPortal = 95D478A528956D20005B9B20 /* Project object */;
			proxyType = 1;
			remoteGlobalIDString = 95D478AC28956D20005B9B20;
			remoteInfo = "SwiftUI-Weather";
		};
/* End PBXContainerItemProxy section */

/* Begin PBXFileReference section */
		95D478AD28956D20005B9B20 /* SwiftUI-Weather.app */ = {isa = PBXFileReference; explicitFileType = wrapper.application; includeInIndex = 0; path = "SwiftUI-Weather.app"; sourceTree = BUILT_PRODUCTS_DIR; };
		95D478B028956D20005B9B20 /* SwiftUI_WeatherApp.swift */ = {isa = PBXFileReference; lastKnownFileType = sourcecode.swift; path = SwiftUI_WeatherApp.swift; sourceTree = "<group>"; };
		95D478B228956D20005B9B20 /* ContentView.swift */ = {isa = PBXFileReference; lastKnownFileType = sourcecode.swift; path = ContentView.swift; sourceTree = "<group>"; };
		95D478B428956D26005B9B20 /* Assets.xcassets */ = {isa = PBXFileReference; lastKnownFileType = folder.assetcatalog; path = Assets.xcassets; sourceTree = "<group>"; };
		95D478B728956D26005B9B20 /* Preview Assets.xcassets */ = {isa = PBXFileReference; lastKnownFileType = folder.assetcatalog; path = "Preview Assets.xcassets"; sourceTree = "<group>"; };
		95D478BD28956D26005B9B20 /* SwiftUI-WeatherTests.xctest */ = {isa = PBXFileReference; explicitFileType = wrapper.cfbundle; includeInIndex = 0; path = "SwiftUI-WeatherTests.xctest"; sourceTree = BUILT_PRODUCTS_DIR; };
		95D478C128956D26005B9B20 /* SwiftUI_WeatherTests.swift */ = {isa = PBXFileReference; lastKnownFileType = sourcecode.swift; path = SwiftUI_WeatherTests.swift; sourceTree = "<group>"; };
		95D478C728956D26005B9B20 /* SwiftUI-WeatherUITests.xctest */ = {isa = PBXFileReference; explicitFileType = wrapper.cfbundle; includeInIndex = 0; path = "SwiftUI-WeatherUITests.xctest"; sourceTree = BUILT_PRODUCTS_DIR; };
		95D478CB28956D26005B9B20 /* SwiftUI_WeatherUITests.swift */ = {isa = PBXFileReference; lastKnownFileType = sourcecode.swift; path = SwiftUI_WeatherUITests.swift; sourceTree = "<group>"; };
		95D478CD28956D26005B9B20 /* SwiftUI_WeatherUITestsLaunchTests.swift */ = {isa = PBXFileReference; lastKnownFileType = sourcecode.swift; path = SwiftUI_WeatherUITestsLaunchTests.swift; sourceTree = "<group>"; };
/* End PBXFileReference section */

/* Begin PBXFrameworksBuildPhase section */
		95D478AA28956D20005B9B20 /* Frameworks */ = {
			isa = PBXFrameworksBuildPhase;
			buildActionMask = 2147483647;
			files = (
			);
			runOnlyForDeploymentPostprocessing = 0;
		};
		95D478BA28956D26005B9B20 /* Frameworks */ = {
			isa = PBXFrameworksBuildPhase;
			buildActionMask = 2147483647;
			files = (
			);
			runOnlyForDeploymentPostprocessing = 0;
		};
		95D478C428956D26005B9B20 /* Frameworks */ = {
			isa = PBXFrameworksBuildPhase;
			buildActionMask = 2147483647;
			files = (
			);
			runOnlyForDeploymentPostprocessing = 0;
		};
/* End PBXFrameworksBuildPhase section */

/* Begin PBXGroup section */
		95D478A428956D20005B9B20 = {
			isa = PBXGroup;
			children = (
				95D478AF28956D20005B9B20 /* SwiftUI-Weather */,
				95D478C028956D26005B9B20 /* SwiftUI-WeatherTests */,
				95D478CA28956D26005B9B20 /* SwiftUI-WeatherUITests */,
				95D478AE28956D20005B9B20 /* Products */,
			);
			sourceTree = "<group>";
		};
		95D478AE28956D20005B9B20 /* Products */ = {
			isa = PBXGroup;
			children = (
				95D478AD28956D20005B9B20 /* SwiftUI-Weather.app */,
				95D478BD28956D26005B9B20 /* SwiftUI-WeatherTests.xctest */,
				95D478C728956D26005B9B20 /* SwiftUI-WeatherUITests.xctest */,
			);
			name = Products;
			sourceTree = "<group>";
		};
		95D478AF28956D20005B9B20 /* SwiftUI-Weather */ = {
			isa = PBXGroup;
			children = (
				95D478B028956D20005B9B20 /* SwiftUI_WeatherApp.swift */,
				95D478B228956D20005B9B20 /* ContentView.swift */,
				95D478B428956D26005B9B20 /* Assets.xcassets */,
				95D478B628956D26005B9B20 /* Preview Content */,
			);
			path = "SwiftUI-Weather";
			sourceTree = "<group>";
		};
		95D478B628956D26005B9B20 /* Preview Content */ = {
			isa = PBXGroup;
			children = (
				95D478B728956D26005B9B20 /* Preview Assets.xcassets */,
			);
			path = "Preview Content";
			sourceTree = "<group>";
		};
		95D478C028956D26005B9B20 /* SwiftUI-WeatherTests */ = {
			isa = PBXGroup;
			children = (
				95D478C128956D26005B9B20 /* SwiftUI_WeatherTests.swift */,
			);
			path = "SwiftUI-WeatherTests";
			sourceTree = "<group>";
		};
		95D478CA28956D26005B9B20 /* SwiftUI-WeatherUITests */ = {
			isa = PBXGroup;
			children = (
				95D478CB28956D26005B9B20 /* SwiftUI_WeatherUITests.swift */,
				95D478CD28956D26005B9B20 /* SwiftUI_WeatherUITestsLaunchTests.swift */,
			);
			path = "SwiftUI-WeatherUITests";
			sourceTree = "<group>";
		};
/* End PBXGroup section */

/* Begin PBXNativeTarget section */
		95D478AC28956D20005B9B20 /* SwiftUI-Weather */ = {
			isa = PBXNativeTarget;
			buildConfigurationList = 95D478D128956D26005B9B20 /* Build configuration list for PBXNativeTarget "SwiftUI-Weather" */;
			buildPhases = (
				95D478A928956D20005B9B20 /* Sources */,
				95D478AA28956D20005B9B20 /* Frameworks */,
				95D478AB28956D20005B9B20 /* Resources */,
			);
			buildRules = (
			);
			dependencies = (
			);
			name = "SwiftUI-Weather";
			productName = "SwiftUI-Weather";
			productReference = 95D478AD28956D20005B9B20 /* SwiftUI-Weather.app */;
			productType = "com.apple.product-type.application";
		};
		95D478BC28956D26005B9B20 /* SwiftUI-WeatherTests */ = {
			isa = PBXNativeTarget;
			buildConfigurationList = 95D478D428956D26005B9B20 /* Build configuration list for PBXNativeTarget "SwiftUI-WeatherTests" */;
			buildPhases = (
				95D478B928956D26005B9B20 /* Sources */,
				95D478BA28956D26005B9B20 /* Frameworks */,
				95D478BB28956D26005B9B20 /* Resources */,
			);
			buildRules = (
			);
			dependencies = (
				95D478BF28956D26005B9B20 /* PBXTargetDependency */,
			);
			name = "SwiftUI-WeatherTests";
			productName = "SwiftUI-WeatherTests";
			productReference = 95D478BD28956D26005B9B20 /* SwiftUI-WeatherTests.xctest */;
			productType = "com.apple.product-type.bundle.unit-test";
		};
		95D478C628956D26005B9B20 /* SwiftUI-WeatherUITests */ = {
			isa = PBXNativeTarget;
			buildConfigurationList = 95D478D728956D26005B9B20 /* Build configuration list for PBXNativeTarget "SwiftUI-WeatherUITests" */;
			buildPhases = (
				95D478C328956D26005B9B20 /* Sources */,
				95D478C428956D26005B9B20 /* Frameworks */,
				95D478C528956D26005B9B20 /* Resources */,
			);
			buildRules = (
			);
			dependencies = (
				95D478C928956D26005B9B20 /* PBXTargetDependency */,
			);
			name = "SwiftUI-WeatherUITests";
			productName = "SwiftUI-WeatherUITests";
			productReference = 95D478C728956D26005B9B20 /* SwiftUI-WeatherUITests.xctest */;
			productType = "com.apple.product-type.bundle.ui-testing";
		};
/* End PBXNativeTarget section */

/* Begin PBXProject section */
		95D478A528956D20005B9B20 /* Project object */ = {
			isa = PBXProject;
			attributes = {
				BuildIndependentTargetsInParallel = 1;
				LastSwiftUpdateCheck = 1330;
				LastUpgradeCheck = 1330;
				TargetAttributes = {
					95D478AC28956D20005B9B20 = {
						CreatedOnToolsVersion = 13.3.1;
					};
					95D478BC28956D26005B9B20 = {
						CreatedOnToolsVersion = 13.3.1;
						TestTargetID = 95D478AC28956D20005B9B20;
					};
					95D478C628956D26005B9B20 = {
						CreatedOnToolsVersion = 13.3.1;
						TestTargetID = 95D478AC28956D20005B9B20;
					};
				};
			};
			buildConfigurationList = 95D478A828956D20005B9B20 /* Build configuration list for PBXProject "SwiftUI-Weather" */;
			compatibilityVersion = "Xcode 13.0";
			developmentRegion = en;
			hasScannedForEncodings = 0;
			knownRegions = (
				en,
				Base,
			);
			mainGroup = 95D478A428956D20005B9B20;
			productRefGroup = 95D478AE28956D20005B9B20 /* Products */;
			projectDirPath = "";
			projectRoot = "";
			targets = (
				95D478AC28956D20005B9B20 /* SwiftUI-Weather */,
				95D478BC28956D26005B9B20 /* SwiftUI-WeatherTests */,
				95D478C628956D26005B9B20 /* SwiftUI-WeatherUITests */,
			);
		};
/* End PBXProject section */

/* Begin PBXResourcesBuildPhase section */
		95D478AB28956D20005B9B20 /* Resources */ = {
			isa = PBXResourcesBuildPhase;
			buildActionMask = 2147483647;
			files = (
				95D478B828956D26005B9B20 /* Preview Assets.xcassets in Resources */,
				95D478B528956D26005B9B20 /* Assets.xcassets in Resources */,
			);
			runOnlyForDeploymentPostprocessing = 0;
		};
		95D478BB28956D26005B9B20 /* Resources */ = {
			isa = PBXResourcesBuildPhase;
			buildActionMask = 2147483647;
			files = (
			);
			runOnlyForDeploymentPostprocessing = 0;
		};
		95D478C528956D26005B9B20 /* Resources */ = {
			isa = PBXResourcesBuildPhase;
			buildActionMask = 2147483647;
			files = (
			);
			runOnlyForDeploymentPostprocessing = 0;
		};
/* End PBXResourcesBuildPhase section */

/* Begin PBXSourcesBuildPhase section */
		95D478A928956D20005B9B20 /* Sources */ = {
			isa = PBXSourcesBuildPhase;
			buildActionMask = 2147483647;
			files = (
				95D478B328956D20005B9B20 /* ContentView.swift in Sources */,
				95D478B128956D20005B9B20 /* SwiftUI_WeatherApp.swift in Sources */,
			);
			runOnlyForDeploymentPostprocessing = 0;
		};
		95D478B928956D26005B9B20 /* Sources */ = {
			isa = PBXSourcesBuildPhase;
			buildActionMask = 2147483647;
			files = (
				95D478C228956D26005B9B20 /* SwiftUI_WeatherTests.swift in Sources */,
			);
			runOnlyForDeploymentPostprocessing = 0;
		};
		95D478C328956D26005B9B20 /* Sources */ = {
			isa = PBXSourcesBuildPhase;
			buildActionMask = 2147483647;
			files = (
				95D478CC28956D26005B9B20 /* SwiftUI_WeatherUITests.swift in Sources */,
				95D478CE28956D26005B9B20 /* SwiftUI_WeatherUITestsLaunchTests.swift in Sources */,
			);
			runOnlyForDeploymentPostprocessing = 0;
		};
/* End PBXSourcesBuildPhase section */

/* Begin PBXTargetDependency section */
		95D478BF28956D26005B9B20 /* PBXTargetDependency */ = {
			isa = PBXTargetDependency;
			target = 95D478AC28956D20005B9B20 /* SwiftUI-Weather */;
			targetProxy = 95D478BE28956D26005B9B20 /* PBXContainerItemProxy */;
		};
		95D478C928956D26005B9B20 /* PBXTargetDependency */ = {
			isa = PBXTargetDependency;
			target = 95D478AC28956D20005B9B20 /* SwiftUI-Weather */;
			targetProxy = 95D478C828956D26005B9B20 /* PBXContainerItemProxy */;
		};
/* End PBXTargetDependency section */

/* Begin XCBuildConfiguration section */
		95D478CF28956D26005B9B20 /* Debug */ = {
			isa = XCBuildConfiguration;
			buildSettings = {
				ALWAYS_SEARCH_USER_PATHS = NO;
				CLANG_ANALYZER_NONNULL = YES;
				CLANG_ANALYZER_NUMBER_OBJECT_CONVERSION = YES_AGGRESSIVE;
				CLANG_CXX_LANGUAGE_STANDARD = "gnu++17";
				CLANG_ENABLE_MODULES = YES;
				CLANG_ENABLE_OBJC_ARC = YES;
				CLANG_ENABLE_OBJC_WEAK = YES;
				CLANG_WARN_BLOCK_CAPTURE_AUTORELEASING = YES;
				CLANG_WARN_BOOL_CONVERSION = YES;
				CLANG_WARN_COMMA = YES;
				CLANG_WARN_CONSTANT_CONVERSION = YES;
				CLANG_WARN_DEPRECATED_OBJC_IMPLEMENTATIONS = YES;
				CLANG_WARN_DIRECT_OBJC_ISA_USAGE = YES_ERROR;
				CLANG_WARN_DOCUMENTATION_COMMENTS = YES;
				CLANG_WARN_EMPTY_BODY = YES;
				CLANG_WARN_ENUM_CONVERSION = YES;
				CLANG_WARN_INFINITE_RECURSION = YES;
				CLANG_WARN_INT_CONVERSION = YES;
				CLANG_WARN_NON_LITERAL_NULL_CONVERSION = YES;
				CLANG_WARN_OBJC_IMPLICIT_RETAIN_SELF = YES;
				CLANG_WARN_OBJC_LITERAL_CONVERSION = YES;
				CLANG_WARN_OBJC_ROOT_CLASS = YES_ERROR;
				CLANG_WARN_QUOTED_INCLUDE_IN_FRAMEWORK_HEADER = YES;
				CLANG_WARN_RANGE_LOOP_ANALYSIS = YES;
				CLANG_WARN_STRICT_PROTOTYPES = YES;
				CLANG_WARN_SUSPICIOUS_MOVE = YES;
				CLANG_WARN_UNGUARDED_AVAILABILITY = YES_AGGRESSIVE;
				CLANG_WARN_UNREACHABLE_CODE = YES;
				CLANG_WARN__DUPLICATE_METHOD_MATCH = YES;
				COPY_PHASE_STRIP = NO;
				DEBUG_INFORMATION_FORMAT = dwarf;
				ENABLE_STRICT_OBJC_MSGSEND = YES;
				ENABLE_TESTABILITY = YES;
				GCC_C_LANGUAGE_STANDARD = gnu11;
				GCC_DYNAMIC_NO_PIC = NO;
				GCC_NO_COMMON_BLOCKS = YES;
				GCC_OPTIMIZATION_LEVEL = 0;
				GCC_PREPROCESSOR_DEFINITIONS = (
					"DEBUG=1",
					"$(inherited)",
				);
				GCC_WARN_64_TO_32_BIT_CONVERSION = YES;
				GCC_WARN_ABOUT_RETURN_TYPE = YES_ERROR;
				GCC_WARN_UNDECLARED_SELECTOR = YES;
				GCC_WARN_UNINITIALIZED_AUTOS = YES_AGGRESSIVE;
				GCC_WARN_UNUSED_FUNCTION = YES;
				GCC_WARN_UNUSED_VARIABLE = YES;
				IPHONEOS_DEPLOYMENT_TARGET = 15.4;
				MTL_ENABLE_DEBUG_INFO = INCLUDE_SOURCE;
				MTL_FAST_MATH = YES;
				ONLY_ACTIVE_ARCH = YES;
				SDKROOT = iphoneos;
				SWIFT_ACTIVE_COMPILATION_CONDITIONS = DEBUG;
				SWIFT_OPTIMIZATION_LEVEL = "-Onone";
			};
			name = Debug;
		};
		95D478D028956D26005B9B20 /* Release */ = {
			isa = XCBuildConfiguration;
			buildSettings = {
				ALWAYS_SEARCH_USER_PATHS = NO;
				CLANG_ANALYZER_NONNULL = YES;
				CLANG_ANALYZER_NUMBER_OBJECT_CONVERSION = YES_AGGRESSIVE;
				CLANG_CXX_LANGUAGE_STANDARD = "gnu++17";
				CLANG_ENABLE_MODULES = YES;
				CLANG_ENABLE_OBJC_ARC = YES;
				CLANG_ENABLE_OBJC_WEAK = YES;
				CLANG_WARN_BLOCK_CAPTURE_AUTORELEASING = YES;
				CLANG_WARN_BOOL_CONVERSION = YES;
				CLANG_WARN_COMMA = YES;
				CLANG_WARN_CONSTANT_CONVERSION = YES;
				CLANG_WARN_DEPRECATED_OBJC_IMPLEMENTATIONS = YES;
				CLANG_WARN_DIRECT_OBJC_ISA_USAGE = YES_ERROR;
				CLANG_WARN_DOCUMENTATION_COMMENTS = YES;
				CLANG_WARN_EMPTY_BODY = YES;
				CLANG_WARN_ENUM_CONVERSION = YES;
				CLANG_WARN_INFINITE_RECURSION = YES;
				CLANG_WARN_INT_CONVERSION = YES;
				CLANG_WARN_NON_LITERAL_NULL_CONVERSION = YES;
				CLANG_WARN_OBJC_IMPLICIT_RETAIN_SELF = YES;
				CLANG_WARN_OBJC_LITERAL_CONVERSION = YES;
				CLANG_WARN_OBJC_ROOT_CLASS = YES_ERROR;
				CLANG_WARN_QUOTED_INCLUDE_IN_FRAMEWORK_HEADER = YES;
				CLANG_WARN_RANGE_LOOP_ANALYSIS = YES;
				CLANG_WARN_STRICT_PROTOTYPES = YES;
				CLANG_WARN_SUSPICIOUS_MOVE = YES;
				CLANG_WARN_UNGUARDED_AVAILABILITY = YES_AGGRESSIVE;
				CLANG_WARN_UNREACHABLE_CODE = YES;
				CLANG_WARN__DUPLICATE_METHOD_MATCH = YES;
				COPY_PHASE_STRIP = NO;
				DEBUG_INFORMATION_FORMAT = "dwarf-with-dsym";
				ENABLE_NS_ASSERTIONS = NO;
				ENABLE_STRICT_OBJC_MSGSEND = YES;
				GCC_C_LANGUAGE_STANDARD = gnu11;
				GCC_NO_COMMON_BLOCKS = YES;
				GCC_WARN_64_TO_32_BIT_CONVERSION = YES;
				GCC_WARN_ABOUT_RETURN_TYPE = YES_ERROR;
				GCC_WARN_UNDECLARED_SELECTOR = YES;
				GCC_WARN_UNINITIALIZED_AUTOS = YES_AGGRESSIVE;
				GCC_WARN_UNUSED_FUNCTION = YES;
				GCC_WARN_UNUSED_VARIABLE = YES;
				IPHONEOS_DEPLOYMENT_TARGET = 15.4;
				MTL_ENABLE_DEBUG_INFO = NO;
				MTL_FAST_MATH = YES;
				SDKROOT = iphoneos;
				SWIFT_COMPILATION_MODE = wholemodule;
				SWIFT_OPTIMIZATION_LEVEL = "-O";
				VALIDATE_PRODUCT = YES;
			};
			name = Release;
		};
		95D478D228956D26005B9B20 /* Debug */ = {
			isa = XCBuildConfiguration;
			buildSettings = {
				ASSETCATALOG_COMPILER_APPICON_NAME = AppIcon;
				ASSETCATALOG_COMPILER_GLOBAL_ACCENT_COLOR_NAME = AccentColor;
				CODE_SIGN_STYLE = Automatic;
				CURRENT_PROJECT_VERSION = 1;
				DEVELOPMENT_ASSET_PATHS = "\"SwiftUI-Weather/Preview Content\"";
				ENABLE_PREVIEWS = YES;
				GENERATE_INFOPLIST_FILE = YES;
				INFOPLIST_KEY_UIApplicationSceneManifest_Generation = YES;
				INFOPLIST_KEY_UIApplicationSupportsIndirectInputEvents = YES;
				INFOPLIST_KEY_UILaunchScreen_Generation = YES;
				INFOPLIST_KEY_UISupportedInterfaceOrientations_iPad = "UIInterfaceOrientationPortrait UIInterfaceOrientationPortraitUpsideDown UIInterfaceOrientationLandscapeLeft UIInterfaceOrientationLandscapeRight";
				INFOPLIST_KEY_UISupportedInterfaceOrientations_iPhone = "UIInterfaceOrientationPortrait UIInterfaceOrientationLandscapeLeft UIInterfaceOrientationLandscapeRight";
				LD_RUNPATH_SEARCH_PATHS = (
					"$(inherited)",
					"@executable_path/Frameworks",
				);
				MARKETING_VERSION = 1.0;
				PRODUCT_BUNDLE_IDENTIFIER = "fiqryq.SwiftUI-Weather";
				PRODUCT_NAME = "$(TARGET_NAME)";
				SWIFT_EMIT_LOC_STRINGS = YES;
				SWIFT_VERSION = 5.0;
				TARGETED_DEVICE_FAMILY = "1,2";
			};
			name = Debug;
		};
		95D478D328956D26005B9B20 /* Release */ = {
			isa = XCBuildConfiguration;
			buildSettings = {
				ASSETCATALOG_COMPILER_APPICON_NAME = AppIcon;
				ASSETCATALOG_COMPILER_GLOBAL_ACCENT_COLOR_NAME = AccentColor;
				CODE_SIGN_STYLE = Automatic;
				CURRENT_PROJECT_VERSION = 1;
				DEVELOPMENT_ASSET_PATHS = "\"SwiftUI-Weather/Preview Content\"";
				ENABLE_PREVIEWS = YES;
				GENERATE_INFOPLIST_FILE = YES;
				INFOPLIST_KEY_UIApplicationSceneManifest_Generation = YES;
				INFOPLIST_KEY_UIApplicationSupportsIndirectInputEvents = YES;
				INFOPLIST_KEY_UILaunchScreen_Generation = YES;
				INFOPLIST_KEY_UISupportedInterfaceOrientations_iPad = "UIInterfaceOrientationPortrait UIInterfaceOrientationPortraitUpsideDown UIInterfaceOrientationLandscapeLeft UIInterfaceOrientationLandscapeRight";
				INFOPLIST_KEY_UISupportedInterfaceOrientations_iPhone = "UIInterfaceOrientationPortrait UIInterfaceOrientationLandscapeLeft UIInterfaceOrientationLandscapeRight";
				LD_RUNPATH_SEARCH_PATHS = (
					"$(inherited)",
					"@executable_path/Frameworks",
				);
				MARKETING_VERSION = 1.0;
				PRODUCT_BUNDLE_IDENTIFIER = "fiqryq.SwiftUI-Weather";
				PRODUCT_NAME = "$(TARGET_NAME)";
				SWIFT_EMIT_LOC_STRINGS = YES;
				SWIFT_VERSION = 5.0;
				TARGETED_DEVICE_FAMILY = "1,2";
			};
			name = Release;
		};
		95D478D528956D26005B9B20 /* Debug */ = {
			isa = XCBuildConfiguration;
			buildSettings = {
				ALWAYS_EMBED_SWIFT_STANDARD_LIBRARIES = YES;
				BUNDLE_LOADER = "$(TEST_HOST)";
				CODE_SIGN_STYLE = Automatic;
				CURRENT_PROJECT_VERSION = 1;
				GENERATE_INFOPLIST_FILE = YES;
				IPHONEOS_DEPLOYMENT_TARGET = 15.4;
				MARKETING_VERSION = 1.0;
				PRODUCT_BUNDLE_IDENTIFIER = "fiqryq.SwiftUI-WeatherTests";
				PRODUCT_NAME = "$(TARGET_NAME)";
				SWIFT_EMIT_LOC_STRINGS = NO;
				SWIFT_VERSION = 5.0;
				TARGETED_DEVICE_FAMILY = "1,2";
				TEST_HOST = "$(BUILT_PRODUCTS_DIR)/SwiftUI-Weather.app/SwiftUI-Weather";
			};
			name = Debug;
		};
		95D478D628956D26005B9B20 /* Release */ = {
			isa = XCBuildConfiguration;
			buildSettings = {
				ALWAYS_EMBED_SWIFT_STANDARD_LIBRARIES = YES;
				BUNDLE_LOADER = "$(TEST_HOST)";
				CODE_SIGN_STYLE = Automatic;
				CURRENT_PROJECT_VERSION = 1;
				GENERATE_INFOPLIST_FILE = YES;
				IPHONEOS_DEPLOYMENT_TARGET = 15.4;
				MARKETING_VERSION = 1.0;
				PRODUCT_BUNDLE_IDENTIFIER = "fiqryq.SwiftUI-WeatherTests";
				PRODUCT_NAME = "$(TARGET_NAME)";
				SWIFT_EMIT_LOC_STRINGS = NO;
				SWIFT_VERSION = 5.0;
				TARGETED_DEVICE_FAMILY = "1,2";
				TEST_HOST = "$(BUILT_PRODUCTS_DIR)/SwiftUI-Weather.app/SwiftUI-Weather";
			};
			name = Release;
		};
		95D478D828956D26005B9B20 /* Debug */ = {
			isa = XCBuildConfiguration;
			buildSettings = {
				ALWAYS_EMBED_SWIFT_STANDARD_LIBRARIES = YES;
				CODE_SIGN_STYLE = Automatic;
				CURRENT_PROJECT_VERSION = 1;
				GENERATE_INFOPLIST_FILE = YES;
				MARKETING_VERSION = 1.0;
				PRODUCT_BUNDLE_IDENTIFIER = "fiqryq.SwiftUI-WeatherUITests";
				PRODUCT_NAME = "$(TARGET_NAME)";
				SWIFT_EMIT_LOC_STRINGS = NO;
				SWIFT_VERSION = 5.0;
				TARGETED_DEVICE_FAMILY = "1,2";
				TEST_TARGET_NAME = "SwiftUI-Weather";
			};
			name = Debug;
		};
		95D478D928956D26005B9B20 /* Release */ = {
			isa = XCBuildConfiguration;
			buildSettings = {
				ALWAYS_EMBED_SWIFT_STANDARD_LIBRARIES = YES;
				CODE_SIGN_STYLE = Automatic;
				CURRENT_PROJECT_VERSION = 1;
				GENERATE_INFOPLIST_FILE = YES;
				MARKETING_VERSION = 1.0;
				PRODUCT_BUNDLE_IDENTIFIER = "fiqryq.SwiftUI-WeatherUITests";
				PRODUCT_NAME = "$(TARGET_NAME)";
				SWIFT_EMIT_LOC_STRINGS = NO;
				SWIFT_VERSION = 5.0;
				TARGETED_DEVICE_FAMILY = "1,2";
				TEST_TARGET_NAME = "SwiftUI-Weather";
			};
			name = Release;
		};
/* End XCBuildConfiguration section */

/* Begin XCConfigurationList section */
		95D478A828956D20005B9B20 /* Build configuration list for PBXProject "SwiftUI-Weather" */ = {
			isa = XCConfigurationList;
			buildConfigurations = (
				95D478CF28956D26005B9B20 /* Debug */,
				95D478D028956D26005B9B20 /* Release */,
			);
			defaultConfigurationIsVisible = 0;
			defaultConfigurationName = Release;
		};
		95D478D128956D26005B9B20 /* Build configuration list for PBXNativeTarget "SwiftUI-Weather" */ = {
			isa = XCConfigurationList;
			buildConfigurations = (
				95D478D228956D26005B9B20 /* Debug */,
				95D478D328956D26005B9B20 /* Release */,
			);
			defaultConfigurationIsVisible = 0;
			defaultConfigurationName = Release;
		};
		95D478D428956D26005B9B20 /* Build configuration list for PBXNativeTarget "SwiftUI-WeatherTests" */ = {
			isa = XCConfigurationList;
			buildConfigurations = (
				95D478D528956D26005B9B20 /* Debug */,
				95D478D628956D26005B9B20 /* Release */,
			);
			defaultConfigurationIsVisible = 0;
			defaultConfigurationName = Release;
		};
		95D478D728956D26005B9B20 /* Build configuration list for PBXNativeTarget "SwiftUI-WeatherUITests" */ = {
			isa = XCConfigurationList;
			buildConfigurations = (
				95D478D828956D26005B9B20 /* Debug */,
				95D478D928956D26005B9B20 /* Release */,
			);
			defaultConfigurationIsVisible = 0;
			defaultConfigurationName = Release;
		};
/* End XCConfigurationList section */
	};
	rootObject = 95D478A528956D20005B9B20 /* Project object */;
}
